
Microsoft Visual Studio Solution File, Format Version 12.00
# Visual Studio Version 16
VisualStudioVersion = 16.0.32228.343
MinimumVisualStudioVersion = 10.0.40219.1
Project("{FAE04EC0-301F-11D3-BF4B-00C04F79EFBC}") = "ugynokseg", "ugynokseg\ugynokseg.csproj", "{5B229CFE-3991-4953-8561-BF0804AC3F2D}"
EndProject
Global
	GlobalSection(SolutionConfigurationPlatforms) = preSolution
		Debug|Any CPU = Debug|Any CPU
		Release|Any CPU = Release|Any CPU
	EndGlobalSection
	GlobalSection(ProjectConfigurationPlatforms) = postSolution
		{5B229CFE-3991-4953-8561-BF0804AC3F2D}.Debug|Any CPU.ActiveCfg = Debug|Any CPU
		{5B229CFE-3991-4953-8561-BF0804AC3F2D}.Debug|Any CPU.Build.0 = Debug|Any CPU
		{5B229CFE-3991-4953-8561-BF0804AC3F2D}.Release|Any CPU.ActiveCfg = Release|Any CPU
		{5B229CFE-3991-4953-8561-BF0804AC3F2D}.Release|Any CPU.Build.0 = Release|Any CPU
	EndGlobalSection
	GlobalSection(SolutionProperties) = preSolution
		HideSolutionNode = FALSE
	EndGlobalSection
	GlobalSection(ExtensibilityGlobals) = postSolution
		SolutionGuid = {1A26189C-26F5-4D5A-875F-2ED7D64C091D}
	EndGlobalSection
EndGlobal
